// !$*UTF8*$!
{
	archiveVersion = 1;
	classes = {
	};
	objectVersion = 55;
	objects = {

/* Begin PBXBuildFile section */
		E1533B8428193B30001D4CE7 /* StartViewController.swift in Sources */ = {isa = PBXBuildFile; fileRef = E1533B8328193B30001D4CE7 /* StartViewController.swift */; };
		E15A75F0280EB35D00C66C2E /* AppDelegate.swift in Sources */ = {isa = PBXBuildFile; fileRef = E15A75EF280EB35D00C66C2E /* AppDelegate.swift */; };
		E15A75F2280EB35D00C66C2E /* SceneDelegate.swift in Sources */ = {isa = PBXBuildFile; fileRef = E15A75F1280EB35D00C66C2E /* SceneDelegate.swift */; };
		E15A75F4280EB35D00C66C2E /* SettingsViewContoller.swift in Sources */ = {isa = PBXBuildFile; fileRef = E15A75F3280EB35D00C66C2E /* SettingsViewContoller.swift */; };
		E15A75F7280EB35D00C66C2E /* Main.storyboard in Resources */ = {isa = PBXBuildFile; fileRef = E15A75F5280EB35D00C66C2E /* Main.storyboard */; };
		E15A75F9280EB36000C66C2E /* Assets.xcassets in Resources */ = {isa = PBXBuildFile; fileRef = E15A75F8280EB36000C66C2E /* Assets.xcassets */; };
		E15A75FC280EB36000C66C2E /* LaunchScreen.storyboard in Resources */ = {isa = PBXBuildFile; fileRef = E15A75FA280EB36000C66C2E /* LaunchScreen.storyboard */; };
/* End PBXBuildFile section */

/* Begin PBXFileReference section */
		E1533B8328193B30001D4CE7 /* StartViewController.swift */ = {isa = PBXFileReference; lastKnownFileType = sourcecode.swift; path = StartViewController.swift; sourceTree = "<group>"; };
		E15A75EC280EB35D00C66C2E /* ColorSettings.app */ = {isa = PBXFileReference; explicitFileType = wrapper.application; includeInIndex = 0; path = ColorSettings.app; sourceTree = BUILT_PRODUCTS_DIR; };
		E15A75EF280EB35D00C66C2E /* AppDelegate.swift */ = {isa = PBXFileReference; lastKnownFileType = sourcecode.swift; path = AppDelegate.swift; sourceTree = "<group>"; };
		E15A75F1280EB35D00C66C2E /* SceneDelegate.swift */ = {isa = PBXFileReference; lastKnownFileType = sourcecode.swift; path = SceneDelegate.swift; sourceTree = "<group>"; };
		E15A75F3280EB35D00C66C2E /* SettingsViewContoller.swift */ = {isa = PBXFileReference; lastKnownFileType = sourcecode.swift; path = SettingsViewContoller.swift; sourceTree = "<group>"; };
		E15A75F6280EB35D00C66C2E /* Base */ = {isa = PBXFileReference; lastKnownFileType = file.storyboard; name = Base; path = Base.lproj/Main.storyboard; sourceTree = "<group>"; };
		E15A75F8280EB36000C66C2E /* Assets.xcassets */ = {isa = PBXFileReference; lastKnownFileType = folder.assetcatalog; path = Assets.xcassets; sourceTree = "<group>"; };
		E15A75FB280EB36000C66C2E /* Base */ = {isa = PBXFileReference; lastKnownFileType = file.storyboard; name = Base; path = Base.lproj/LaunchScreen.storyboard; sourceTree = "<group>"; };
		E15A75FD280EB36000C66C2E /* Info.plist */ = {isa = PBXFileReference; lastKnownFileType = text.plist.xml; path = Info.plist; sourceTree = "<group>"; };
/* End PBXFileReference section */

/* Begin PBXFrameworksBuildPhase section */
		E15A75E9280EB35D00C66C2E /* Frameworks */ = {
			isa = PBXFrameworksBuildPhase;
			buildActionMask = 2147483647;
			files = (
			);
			runOnlyForDeploymentPostprocessing = 0;
		};
/* End PBXFrameworksBuildPhase section */

/* Begin PBXGroup section */
		E1533B7F28180CA6001D4CE7 /* App */ = {
			isa = PBXGroup;
			children = (
				E15A75FD280EB36000C66C2E /* Info.plist */,
				E15A75F1280EB35D00C66C2E /* SceneDelegate.swift */,
				E15A75EF280EB35D00C66C2E /* AppDelegate.swift */,
			);
			path = App;
			sourceTree = "<group>";
		};
		E1533B8028180CC5001D4CE7 /* ViewControllers */ = {
			isa = PBXGroup;
			children = (
				E15A75F3280EB35D00C66C2E /* SettingsViewContoller.swift */,
				E1533B8328193B30001D4CE7 /* StartViewController.swift */,
			);
			path = ViewControllers;
			sourceTree = "<group>";
		};
		E1533B8128180CE8001D4CE7 /* Storyboards */ = {
			isa = PBXGroup;
			children = (
				E15A75FA280EB36000C66C2E /* LaunchScreen.storyboard */,
				E15A75F5280EB35D00C66C2E /* Main.storyboard */,
			);
			path = Storyboards;
			sourceTree = "<group>";
		};
		E1533B8228180D07001D4CE7 /* Resourses */ = {
			isa = PBXGroup;
			children = (
				E15A75F8280EB36000C66C2E /* Assets.xcassets */,
			);
			path = Resourses;
			sourceTree = "<group>";
		};
		E15A75E3280EB35D00C66C2E = {
			isa = PBXGroup;
			children = (
				E15A75EE280EB35D00C66C2E /* ColorSettings */,
				E15A75ED280EB35D00C66C2E /* Products */,
			);
			sourceTree = "<group>";
		};
		E15A75ED280EB35D00C66C2E /* Products */ = {
			isa = PBXGroup;
			children = (
				E15A75EC280EB35D00C66C2E /* ColorSettings.app */,
			);
			name = Products;
			sourceTree = "<group>";
		};
		E15A75EE280EB35D00C66C2E /* ColorSettings */ = {
			isa = PBXGroup;
			children = (
				E1533B8028180CC5001D4CE7 /* ViewControllers */,
				E1533B8128180CE8001D4CE7 /* Storyboards */,
				E1533B7F28180CA6001D4CE7 /* App */,
				E1533B8228180D07001D4CE7 /* Resourses */,
			);
			path = ColorSettings;
			sourceTree = "<group>";
		};
/* End PBXGroup section */

/* Begin PBXNativeTarget section */
		E15A75EB280EB35D00C66C2E /* ColorSettings */ = {
			isa = PBXNativeTarget;
			buildConfigurationList = E15A7600280EB36000C66C2E /* Build configuration list for PBXNativeTarget "ColorSettings" */;
			buildPhases = (
				E15A75E8280EB35D00C66C2E /* Sources */,
				E15A75E9280EB35D00C66C2E /* Frameworks */,
				E15A75EA280EB35D00C66C2E /* Resources */,
			);
			buildRules = (
			);
			dependencies = (
			);
			name = ColorSettings;
			productName = ColorSettings;
			productReference = E15A75EC280EB35D00C66C2E /* ColorSettings.app */;
			productType = "com.apple.product-type.application";
		};
/* End PBXNativeTarget section */

/* Begin PBXProject section */
		E15A75E4280EB35D00C66C2E /* Project object */ = {
			isa = PBXProject;
			attributes = {
				BuildIndependentTargetsInParallel = 1;
				LastSwiftUpdateCheck = 1320;
				LastUpgradeCheck = 1320;
				TargetAttributes = {
					E15A75EB280EB35D00C66C2E = {
						CreatedOnToolsVersion = 13.2.1;
					};
				};
			};
			buildConfigurationList = E15A75E7280EB35D00C66C2E /* Build configuration list for PBXProject "ColorSettings" */;
			compatibilityVersion = "Xcode 13.0";
			developmentRegion = en;
			hasScannedForEncodings = 0;
			knownRegions = (
				en,
				Base,
			);
			mainGroup = E15A75E3280EB35D00C66C2E;
			productRefGroup = E15A75ED280EB35D00C66C2E /* Products */;
			projectDirPath = "";
			projectRoot = "";
			targets = (
				E15A75EB280EB35D00C66C2E /* ColorSettings */,
			);
		};
/* End PBXProject section */

/* Begin PBXResourcesBuildPhase section */
		E15A75EA280EB35D00C66C2E /* Resources */ = {
			isa = PBXResourcesBuildPhase;
			buildActionMask = 2147483647;
			files = (
				E15A75FC280EB36000C66C2E /* LaunchScreen.storyboard in Resources */,
				E15A75F9280EB36000C66C2E /* Assets.xcassets in Resources */,
				E15A75F7280EB35D00C66C2E /* Main.storyboard in Resources */,
			);
			runOnlyForDeploymentPostprocessing = 0;
		};
/* End PBXResourcesBuildPhase section */

/* Begin PBXSourcesBuildPhase section */
		E15A75E8280EB35D00C66C2E /* Sources */ = {
			isa = PBXSourcesBuildPhase;
			buildActionMask = 2147483647;
			files = (
				E15A75F4280EB35D00C66C2E /* SettingsViewContoller.swift in Sources */,
				E1533B8428193B30001D4CE7 /* StartViewController.swift in Sources */,
				E15A75F0280EB35D00C66C2E /* AppDelegate.swift in Sources */,
				E15A75F2280EB35D00C66C2E /* SceneDelegate.swift in Sources */,
			);
			runOnlyForDeploymentPostprocessing = 0;
		};
/* End PBXSourcesBuildPhase section */

/* Begin PBXVariantGroup section */
		E15A75F5280EB35D00C66C2E /* Main.storyboard */ = {
			isa = PBXVariantGroup;
			children = (
				E15A75F6280EB35D00C66C2E /* Base */,
			);
			name = Main.storyboard;
			sourceTree = "<group>";
		};
		E15A75FA280EB36000C66C2E /* LaunchScreen.storyboard */ = {
			isa = PBXVariantGroup;
			children = (
				E15A75FB280EB36000C66C2E /* Base */,
			);
			name = LaunchScreen.storyboard;
			sourceTree = "<group>";
		};
/* End PBXVariantGroup section */

/* Begin XCBuildConfiguration section */
		E15A75FE280EB36000C66C2E /* Debug */ = {
			isa = XCBuildConfiguration;
			buildSettings = {
				ALWAYS_SEARCH_USER_PATHS = NO;
				CLANG_ANALYZER_NONNULL = YES;
				CLANG_ANALYZER_NUMBER_OBJECT_CONVERSION = YES_AGGRESSIVE;
				CLANG_CXX_LANGUAGE_STANDARD = "gnu++17";
				CLANG_CXX_LIBRARY = "libc++";
				CLANG_ENABLE_MODULES = YES;
				CLANG_ENABLE_OBJC_ARC = YES;
				CLANG_ENABLE_OBJC_WEAK = YES;
				CLANG_WARN_BLOCK_CAPTURE_AUTORELEASING = YES;
				CLANG_WARN_BOOL_CONVERSION = YES;
				CLANG_WARN_COMMA = YES;
				CLANG_WARN_CONSTANT_CONVERSION = YES;
				CLANG_WARN_DEPRECATED_OBJC_IMPLEMENTATIONS = YES;
				CLANG_WARN_DIRECT_OBJC_ISA_USAGE = YES_ERROR;
				CLANG_WARN_DOCUMENTATION_COMMENTS = YES;
				CLANG_WARN_EMPTY_BODY = YES;
				CLANG_WARN_ENUM_CONVERSION = YES;
				CLANG_WARN_INFINITE_RECURSION = YES;
				CLANG_WARN_INT_CONVERSION = YES;
				CLANG_WARN_NON_LITERAL_NULL_CONVERSION = YES;
				CLANG_WARN_OBJC_IMPLICIT_RETAIN_SELF = YES;
				CLANG_WARN_OBJC_LITERAL_CONVERSION = YES;
				CLANG_WARN_OBJC_ROOT_CLASS = YES_ERROR;
				CLANG_WARN_QUOTED_INCLUDE_IN_FRAMEWORK_HEADER = YES;
				CLANG_WARN_RANGE_LOOP_ANALYSIS = YES;
				CLANG_WARN_STRICT_PROTOTYPES = YES;
				CLANG_WARN_SUSPICIOUS_MOVE = YES;
				CLANG_WARN_UNGUARDED_AVAILABILITY = YES_AGGRESSIVE;
				CLANG_WARN_UNREACHABLE_CODE = YES;
				CLANG_WARN__DUPLICATE_METHOD_MATCH = YES;
				COPY_PHASE_STRIP = NO;
				DEBUG_INFORMATION_FORMAT = dwarf;
				ENABLE_STRICT_OBJC_MSGSEND = YES;
				ENABLE_TESTABILITY = YES;
				GCC_C_LANGUAGE_STANDARD = gnu11;
				GCC_DYNAMIC_NO_PIC = NO;
				GCC_NO_COMMON_BLOCKS = YES;
				GCC_OPTIMIZATION_LEVEL = 0;
				GCC_PREPROCESSOR_DEFINITIONS = (
					"DEBUG=1",
					"$(inherited)",
				);
				GCC_WARN_64_TO_32_BIT_CONVERSION = YES;
				GCC_WARN_ABOUT_RETURN_TYPE = YES_ERROR;
				GCC_WARN_UNDECLARED_SELECTOR = YES;
				GCC_WARN_UNINITIALIZED_AUTOS = YES_AGGRESSIVE;
				GCC_WARN_UNUSED_FUNCTION = YES;
				GCC_WARN_UNUSED_VARIABLE = YES;
				IPHONEOS_DEPLOYMENT_TARGET = 15.2;
				MTL_ENABLE_DEBUG_INFO = INCLUDE_SOURCE;
				MTL_FAST_MATH = YES;
				ONLY_ACTIVE_ARCH = YES;
				SDKROOT = iphoneos;
				SWIFT_ACTIVE_COMPILATION_CONDITIONS = DEBUG;
				SWIFT_OPTIMIZATION_LEVEL = "-Onone";
			};
			name = Debug;
		};
		E15A75FF280EB36000C66C2E /* Release */ = {
			isa = XCBuildConfiguration;
			buildSettings = {
				ALWAYS_SEARCH_USER_PATHS = NO;
				CLANG_ANALYZER_NONNULL = YES;
				CLANG_ANALYZER_NUMBER_OBJECT_CONVERSION = YES_AGGRESSIVE;
				CLANG_CXX_LANGUAGE_STANDARD = "gnu++17";
				CLANG_CXX_LIBRARY = "libc++";
				CLANG_ENABLE_MODULES = YES;
				CLANG_ENABLE_OBJC_ARC = YES;
				CLANG_ENABLE_OBJC_WEAK = YES;
				CLANG_WARN_BLOCK_CAPTURE_AUTORELEASING = YES;
				CLANG_WARN_BOOL_CONVERSION = YES;
				CLANG_WARN_COMMA = YES;
				CLANG_WARN_CONSTANT_CONVERSION = YES;
				CLANG_WARN_DEPRECATED_OBJC_IMPLEMENTATIONS = YES;
				CLANG_WARN_DIRECT_OBJC_ISA_USAGE = YES_ERROR;
				CLANG_WARN_DOCUMENTATION_COMMENTS = YES;
				CLANG_WARN_EMPTY_BODY = YES;
				CLANG_WARN_ENUM_CONVERSION = YES;
				CLANG_WARN_INFINITE_RECURSION = YES;
				CLANG_WARN_INT_CONVERSION = YES;
				CLANG_WARN_NON_LITERAL_NULL_CONVERSION = YES;
				CLANG_WARN_OBJC_IMPLICIT_RETAIN_SELF = YES;
				CLANG_WARN_OBJC_LITERAL_CONVERSION = YES;
				CLANG_WARN_OBJC_ROOT_CLASS = YES_ERROR;
				CLANG_WARN_QUOTED_INCLUDE_IN_FRAMEWORK_HEADER = YES;
				CLANG_WARN_RANGE_LOOP_ANALYSIS = YES;
				CLANG_WARN_STRICT_PROTOTYPES = YES;
				CLANG_WARN_SUSPICIOUS_MOVE = YES;
				CLANG_WARN_UNGUARDED_AVAILABILITY = YES_AGGRESSIVE;
				CLANG_WARN_UNREACHABLE_CODE = YES;
				CLANG_WARN__DUPLICATE_METHOD_MATCH = YES;
				COPY_PHASE_STRIP = NO;
				DEBUG_INFORMATION_FORMAT = "dwarf-with-dsym";
				ENABLE_NS_ASSERTIONS = NO;
				ENABLE_STRICT_OBJC_MSGSEND = YES;
				GCC_C_LANGUAGE_STANDARD = gnu11;
				GCC_NO_COMMON_BLOCKS = YES;
				GCC_WARN_64_TO_32_BIT_CONVERSION = YES;
				GCC_WARN_ABOUT_RETURN_TYPE = YES_ERROR;
				GCC_WARN_UNDECLARED_SELECTOR = YES;
				GCC_WARN_UNINITIALIZED_AUTOS = YES_AGGRESSIVE;
				GCC_WARN_UNUSED_FUNCTION = YES;
				GCC_WARN_UNUSED_VARIABLE = YES;
				IPHONEOS_DEPLOYMENT_TARGET = 15.2;
				MTL_ENABLE_DEBUG_INFO = NO;
				MTL_FAST_MATH = YES;
				SDKROOT = iphoneos;
				SWIFT_COMPILATION_MODE = wholemodule;
				SWIFT_OPTIMIZATION_LEVEL = "-O";
				VALIDATE_PRODUCT = YES;
			};
			name = Release;
		};
		E15A7601280EB36000C66C2E /* Debug */ = {
			isa = XCBuildConfiguration;
			buildSettings = {
				ASSETCATALOG_COMPILER_APPICON_NAME = AppIcon;
				ASSETCATALOG_COMPILER_GLOBAL_ACCENT_COLOR_NAME = AccentColor;
				CODE_SIGN_STYLE = Automatic;
				CURRENT_PROJECT_VERSION = 1;
				DEVELOPMENT_TEAM = HRYLC3C7SK;
				GENERATE_INFOPLIST_FILE = YES;
				INFOPLIST_FILE = ColorSettings/App/Info.plist;
				INFOPLIST_KEY_CFBundleDisplayName = "Color settings";
				INFOPLIST_KEY_UIApplicationSupportsIndirectInputEvents = YES;
				INFOPLIST_KEY_UILaunchStoryboardName = LaunchScreen;
				INFOPLIST_KEY_UIMainStoryboardFile = Main;
				INFOPLIST_KEY_UISupportedInterfaceOrientations = UIInterfaceOrientationPortrait;
				INFOPLIST_KEY_UISupportedInterfaceOrientations_iPad = "UIInterfaceOrientationPortrait UIInterfaceOrientationPortraitUpsideDown UIInterfaceOrientationLandscapeLeft UIInterfaceOrientationLandscapeRight";
				INFOPLIST_KEY_UISupportedInterfaceOrientations_iPhone = "UIInterfaceOrientationPortrait UIInterfaceOrientationLandscapeLeft UIInterfaceOrientationLandscapeRight";
				LD_RUNPATH_SEARCH_PATHS = (
					"$(inherited)",
					"@executable_path/Frameworks",
				);
				MARKETING_VERSION = 1.0;
				PRODUCT_BUNDLE_IDENTIFIER = "ru.bezborodov-pavel.ColorSettings";
				PRODUCT_NAME = "$(TARGET_NAME)";
				SWIFT_EMIT_LOC_STRINGS = YES;
				SWIFT_VERSION = 5.0;
				TARGETED_DEVICE_FAMILY = "1,2";
			};
			name = Debug;
		};
		E15A7602280EB36000C66C2E /* Release */ = {
			isa = XCBuildConfiguration;
			buildSettings = {
				ASSETCATALOG_COMPILER_APPICON_NAME = AppIcon;
				ASSETCATALOG_COMPILER_GLOBAL_ACCENT_COLOR_NAME = AccentColor;
				CODE_SIGN_STYLE = Automatic;
				CURRENT_PROJECT_VERSION = 1;
				DEVELOPMENT_TEAM = HRYLC3C7SK;
				GENERATE_INFOPLIST_FILE = YES;
				INFOPLIST_FILE = ColorSettings/App/Info.plist;
				INFOPLIST_KEY_CFBundleDisplayName = "Color settings";
				INFOPLIST_KEY_UIApplicationSupportsIndirectInputEvents = YES;
				INFOPLIST_KEY_UILaunchStoryboardName = LaunchScreen;
				INFOPLIST_KEY_UIMainStoryboardFile = Main;
				INFOPLIST_KEY_UISupportedInterfaceOrientations = UIInterfaceOrientationPortrait;
				INFOPLIST_KEY_UISupportedInterfaceOrientations_iPad = "UIInterfaceOrientationPortrait UIInterfaceOrientationPortraitUpsideDown UIInterfaceOrientationLandscapeLeft UIInterfaceOrientationLandscapeRight";
				INFOPLIST_KEY_UISupportedInterfaceOrientations_iPhone = "UIInterfaceOrientationPortrait UIInterfaceOrientationLandscapeLeft UIInterfaceOrientationLandscapeRight";
				LD_RUNPATH_SEARCH_PATHS = (
					"$(inherited)",
					"@executable_path/Frameworks",
				);
				MARKETING_VERSION = 1.0;
				PRODUCT_BUNDLE_IDENTIFIER = "ru.bezborodov-pavel.ColorSettings";
				PRODUCT_NAME = "$(TARGET_NAME)";
				SWIFT_EMIT_LOC_STRINGS = YES;
				SWIFT_VERSION = 5.0;
				TARGETED_DEVICE_FAMILY = "1,2";
			};
			name = Release;
		};
/* End XCBuildConfiguration section */

/* Begin XCConfigurationList section */
		E15A75E7280EB35D00C66C2E /* Build configuration list for PBXProject "ColorSettings" */ = {
			isa = XCConfigurationList;
			buildConfigurations = (
				E15A75FE280EB36000C66C2E /* Debug */,
				E15A75FF280EB36000C66C2E /* Release */,
			);
			defaultConfigurationIsVisible = 0;
			defaultConfigurationName = Release;
		};
		E15A7600280EB36000C66C2E /* Build configuration list for PBXNativeTarget "ColorSettings" */ = {
			isa = XCConfigurationList;
			buildConfigurations = (
				E15A7601280EB36000C66C2E /* Debug */,
				E15A7602280EB36000C66C2E /* Release */,
			);
			defaultConfigurationIsVisible = 0;
			defaultConfigurationName = Release;
		};
/* End XCConfigurationList section */
	};
	rootObject = E15A75E4280EB35D00C66C2E /* Project object */;
}
